// !$*UTF8*$!
{
	archiveVersion = 1;
	classes = {
	};
	objectVersion = 46;
	objects = {

/* Begin PBXBuildFile section */
		4A53A9EA1DE2F91F00536308 /* main.m in Sources */ = {isa = PBXBuildFile; fileRef = 4A53A9E91DE2F91F00536308 /* main.m */; };
		4A53A9ED1DE2F91F00536308 /* AppDelegate.m in Sources */ = {isa = PBXBuildFile; fileRef = 4A53A9EC1DE2F91F00536308 /* AppDelegate.m */; };
		4A53A9F01DE2F91F00536308 /* ViewController.m in Sources */ = {isa = PBXBuildFile; fileRef = 4A53A9EF1DE2F91F00536308 /* ViewController.m */; };
		4A53A9F31DE2F91F00536308 /* Main.storyboard in Resources */ = {isa = PBXBuildFile; fileRef = 4A53A9F11DE2F91F00536308 /* Main.storyboard */; };
		4A53A9F51DE2F91F00536308 /* Assets.xcassets in Resources */ = {isa = PBXBuildFile; fileRef = 4A53A9F41DE2F91F00536308 /* Assets.xcassets */; };
		4A53A9F81DE2F91F00536308 /* LaunchScreen.storyboard in Resources */ = {isa = PBXBuildFile; fileRef = 4A53A9F61DE2F91F00536308 /* LaunchScreen.storyboard */; };
		4A53AA021DE2F93500536308 /* HUDView.m in Sources */ = {isa = PBXBuildFile; fileRef = 4A53AA011DE2F93500536308 /* HUDView.m */; };
		4A53AA1E1DE2F94900536308 /* Info.plist in Resources */ = {isa = PBXBuildFile; fileRef = 4A53AA041DE2F94900536308 /* Info.plist */; };
		4A53AA1F1DE2F94900536308 /* MASCompositeConstraint.m in Sources */ = {isa = PBXBuildFile; fileRef = 4A53AA061DE2F94900536308 /* MASCompositeConstraint.m */; };
		4A53AA201DE2F94900536308 /* MASConstraint.m in Sources */ = {isa = PBXBuildFile; fileRef = 4A53AA091DE2F94900536308 /* MASConstraint.m */; };
		4A53AA211DE2F94900536308 /* MASConstraintMaker.m in Sources */ = {isa = PBXBuildFile; fileRef = 4A53AA0B1DE2F94900536308 /* MASConstraintMaker.m */; };
		4A53AA221DE2F94900536308 /* MASLayoutConstraint.m in Sources */ = {isa = PBXBuildFile; fileRef = 4A53AA0D1DE2F94900536308 /* MASLayoutConstraint.m */; };
		4A53AA231DE2F94900536308 /* MASViewAttribute.m in Sources */ = {isa = PBXBuildFile; fileRef = 4A53AA111DE2F94900536308 /* MASViewAttribute.m */; };
		4A53AA241DE2F94900536308 /* MASViewConstraint.m in Sources */ = {isa = PBXBuildFile; fileRef = 4A53AA131DE2F94900536308 /* MASViewConstraint.m */; };
		4A53AA251DE2F94900536308 /* NSArray+MASAdditions.m in Sources */ = {isa = PBXBuildFile; fileRef = 4A53AA151DE2F94900536308 /* NSArray+MASAdditions.m */; };
		4A53AA261DE2F94900536308 /* NSLayoutConstraint+MASDebugAdditions.m in Sources */ = {isa = PBXBuildFile; fileRef = 4A53AA181DE2F94900536308 /* NSLayoutConstraint+MASDebugAdditions.m */; };
		4A53AA271DE2F94900536308 /* View+MASAdditions.m in Sources */ = {isa = PBXBuildFile; fileRef = 4A53AA1A1DE2F94900536308 /* View+MASAdditions.m */; };
		4A53AA281DE2F94900536308 /* ViewController+MASAdditions.m in Sources */ = {isa = PBXBuildFile; fileRef = 4A53AA1D1DE2F94900536308 /* ViewController+MASAdditions.m */; };
		4A53AA2A1DE2F97800536308 /* 1.png in Resources */ = {isa = PBXBuildFile; fileRef = 4A53AA291DE2F97800536308 /* 1.png */; };
		4A53AA2C1DE2F97D00536308 /* 2.png in Resources */ = {isa = PBXBuildFile; fileRef = 4A53AA2B1DE2F97D00536308 /* 2.png */; };
		4A53AA2E1DE2F98100536308 /* 3.gif in Resources */ = {isa = PBXBuildFile; fileRef = 4A53AA2D1DE2F98100536308 /* 3.gif */; };
/* End PBXBuildFile section */

/* Begin PBXFileReference section */
		4A53A9E51DE2F91F00536308 /* FullScreenHUD.app */ = {isa = PBXFileReference; explicitFileType = wrapper.application; includeInIndex = 0; path = FullScreenHUD.app; sourceTree = BUILT_PRODUCTS_DIR; };
		4A53A9E91DE2F91F00536308 /* main.m */ = {isa = PBXFileReference; lastKnownFileType = sourcecode.c.objc; path = main.m; sourceTree = "<group>"; };
		4A53A9EB1DE2F91F00536308 /* AppDelegate.h */ = {isa = PBXFileReference; lastKnownFileType = sourcecode.c.h; path = AppDelegate.h; sourceTree = "<group>"; };
		4A53A9EC1DE2F91F00536308 /* AppDelegate.m */ = {isa = PBXFileReference; lastKnownFileType = sourcecode.c.objc; path = AppDelegate.m; sourceTree = "<group>"; };
		4A53A9EE1DE2F91F00536308 /* ViewController.h */ = {isa = PBXFileReference; lastKnownFileType = sourcecode.c.h; path = ViewController.h; sourceTree = "<group>"; };
		4A53A9EF1DE2F91F00536308 /* ViewController.m */ = {isa = PBXFileReference; lastKnownFileType = sourcecode.c.objc; path = ViewController.m; sourceTree = "<group>"; };
		4A53A9F21DE2F91F00536308 /* Base */ = {isa = PBXFileReference; lastKnownFileType = file.storyboard; name = Base; path = Base.lproj/Main.storyboard; sourceTree = "<group>"; };
		4A53A9F41DE2F91F00536308 /* Assets.xcassets */ = {isa = PBXFileReference; lastKnownFileType = folder.assetcatalog; path = Assets.xcassets; sourceTree = "<group>"; };
		4A53A9F71DE2F91F00536308 /* Base */ = {isa = PBXFileReference; lastKnownFileType = file.storyboard; name = Base; path = Base.lproj/LaunchScreen.storyboard; sourceTree = "<group>"; };
		4A53A9F91DE2F91F00536308 /* Info.plist */ = {isa = PBXFileReference; lastKnownFileType = text.plist.xml; path = Info.plist; sourceTree = "<group>"; };
		4A53AA001DE2F93500536308 /* HUDView.h */ = {isa = PBXFileReference; fileEncoding = 4; lastKnownFileType = sourcecode.c.h; path = HUDView.h; sourceTree = "<group>"; };
		4A53AA011DE2F93500536308 /* HUDView.m */ = {isa = PBXFileReference; fileEncoding = 4; lastKnownFileType = sourcecode.c.objc; path = HUDView.m; sourceTree = "<group>"; };
		4A53AA041DE2F94900536308 /* Info.plist */ = {isa = PBXFileReference; fileEncoding = 4; lastKnownFileType = text.plist.xml; path = Info.plist; sourceTree = "<group>"; };
		4A53AA051DE2F94900536308 /* MASCompositeConstraint.h */ = {isa = PBXFileReference; fileEncoding = 4; lastKnownFileType = sourcecode.c.h; path = MASCompositeConstraint.h; sourceTree = "<group>"; };
		4A53AA061DE2F94900536308 /* MASCompositeConstraint.m */ = {isa = PBXFileReference; fileEncoding = 4; lastKnownFileType = sourcecode.c.objc; path = MASCompositeConstraint.m; sourceTree = "<group>"; };
		4A53AA071DE2F94900536308 /* MASConstraint+Private.h */ = {isa = PBXFileReference; fileEncoding = 4; lastKnownFileType = sourcecode.c.h; path = "MASConstraint+Private.h"; sourceTree = "<group>"; };
		4A53AA081DE2F94900536308 /* MASConstraint.h */ = {isa = PBXFileReference; fileEncoding = 4; lastKnownFileType = sourcecode.c.h; path = MASConstraint.h; sourceTree = "<group>"; };
		4A53AA091DE2F94900536308 /* MASConstraint.m */ = {isa = PBXFileReference; fileEncoding = 4; lastKnownFileType = sourcecode.c.objc; path = MASConstraint.m; sourceTree = "<group>"; };
		4A53AA0A1DE2F94900536308 /* MASConstraintMaker.h */ = {isa = PBXFileReference; fileEncoding = 4; lastKnownFileType = sourcecode.c.h; path = MASConstraintMaker.h; sourceTree = "<group>"; };
		4A53AA0B1DE2F94900536308 /* MASConstraintMaker.m */ = {isa = PBXFileReference; fileEncoding = 4; lastKnownFileType = sourcecode.c.objc; path = MASConstraintMaker.m; sourceTree = "<group>"; };
		4A53AA0C1DE2F94900536308 /* MASLayoutConstraint.h */ = {isa = PBXFileReference; fileEncoding = 4; lastKnownFileType = sourcecode.c.h; path = MASLayoutConstraint.h; sourceTree = "<group>"; };
		4A53AA0D1DE2F94900536308 /* MASLayoutConstraint.m */ = {isa = PBXFileReference; fileEncoding = 4; lastKnownFileType = sourcecode.c.objc; path = MASLayoutConstraint.m; sourceTree = "<group>"; };
		4A53AA0E1DE2F94900536308 /* Masonry.h */ = {isa = PBXFileReference; fileEncoding = 4; lastKnownFileType = sourcecode.c.h; path = Masonry.h; sourceTree = "<group>"; };
		4A53AA0F1DE2F94900536308 /* MASUtilities.h */ = {isa = PBXFileReference; fileEncoding = 4; lastKnownFileType = sourcecode.c.h; path = MASUtilities.h; sourceTree = "<group>"; };
		4A53AA101DE2F94900536308 /* MASViewAttribute.h */ = {isa = PBXFileReference; fileEncoding = 4; lastKnownFileType = sourcecode.c.h; path = MASViewAttribute.h; sourceTree = "<group>"; };
		4A53AA111DE2F94900536308 /* MASViewAttribute.m */ = {isa = PBXFileReference; fileEncoding = 4; lastKnownFileType = sourcecode.c.objc; path = MASViewAttribute.m; sourceTree = "<group>"; };
		4A53AA121DE2F94900536308 /* MASViewConstraint.h */ = {isa = PBXFileReference; fileEncoding = 4; lastKnownFileType = sourcecode.c.h; path = MASViewConstraint.h; sourceTree = "<group>"; };
		4A53AA131DE2F94900536308 /* MASViewConstraint.m */ = {isa = PBXFileReference; fileEncoding = 4; lastKnownFileType = sourcecode.c.objc; path = MASViewConstraint.m; sourceTree = "<group>"; };
		4A53AA141DE2F94900536308 /* NSArray+MASAdditions.h */ = {isa = PBXFileReference; fileEncoding = 4; lastKnownFileType = sourcecode.c.h; path = "NSArray+MASAdditions.h"; sourceTree = "<group>"; };
		4A53AA151DE2F94900536308 /* NSArray+MASAdditions.m */ = {isa = PBXFileReference; fileEncoding = 4; lastKnownFileType = sourcecode.c.objc; path = "NSArray+MASAdditions.m"; sourceTree = "<group>"; };
		4A53AA161DE2F94900536308 /* NSArray+MASShorthandAdditions.h */ = {isa = PBXFileReference; fileEncoding = 4; lastKnownFileType = sourcecode.c.h; path = "NSArray+MASShorthandAdditions.h"; sourceTree = "<group>"; };
		4A53AA171DE2F94900536308 /* NSLayoutConstraint+MASDebugAdditions.h */ = {isa = PBXFileReference; fileEncoding = 4; lastKnownFileType = sourcecode.c.h; path = "NSLayoutConstraint+MASDebugAdditions.h"; sourceTree = "<group>"; };
		4A53AA181DE2F94900536308 /* NSLayoutConstraint+MASDebugAdditions.m */ = {isa = PBXFileReference; fileEncoding = 4; lastKnownFileType = sourcecode.c.objc; path = "NSLayoutConstraint+MASDebugAdditions.m"; sourceTree = "<group>"; };
		4A53AA191DE2F94900536308 /* View+MASAdditions.h */ = {isa = PBXFileReference; fileEncoding = 4; lastKnownFileType = sourcecode.c.h; path = "View+MASAdditions.h"; sourceTree = "<group>"; };
		4A53AA1A1DE2F94900536308 /* View+MASAdditions.m */ = {isa = PBXFileReference; fileEncoding = 4; lastKnownFileType = sourcecode.c.objc; path = "View+MASAdditions.m"; sourceTree = "<group>"; };
		4A53AA1B1DE2F94900536308 /* View+MASShorthandAdditions.h */ = {isa = PBXFileReference; fileEncoding = 4; lastKnownFileType = sourcecode.c.h; path = "View+MASShorthandAdditions.h"; sourceTree = "<group>"; };
		4A53AA1C1DE2F94900536308 /* ViewController+MASAdditions.h */ = {isa = PBXFileReference; fileEncoding = 4; lastKnownFileType = sourcecode.c.h; path = "ViewController+MASAdditions.h"; sourceTree = "<group>"; };
		4A53AA1D1DE2F94900536308 /* ViewController+MASAdditions.m */ = {isa = PBXFileReference; fileEncoding = 4; lastKnownFileType = sourcecode.c.objc; path = "ViewController+MASAdditions.m"; sourceTree = "<group>"; };
		4A53AA291DE2F97800536308 /* 1.png */ = {isa = PBXFileReference; lastKnownFileType = image.png; path = 1.png; sourceTree = "<group>"; };
		4A53AA2B1DE2F97D00536308 /* 2.png */ = {isa = PBXFileReference; lastKnownFileType = image.png; path = 2.png; sourceTree = "<group>"; };
		4A53AA2D1DE2F98100536308 /* 3.gif */ = {isa = PBXFileReference; lastKnownFileType = image.gif; path = 3.gif; sourceTree = "<group>"; };
/* End PBXFileReference section */

/* Begin PBXFrameworksBuildPhase section */
		4A53A9E21DE2F91F00536308 /* Frameworks */ = {
			isa = PBXFrameworksBuildPhase;
			buildActionMask = 2147483647;
			files = (
			);
			runOnlyForDeploymentPostprocessing = 0;
		};
/* End PBXFrameworksBuildPhase section */

/* Begin PBXGroup section */
		4A53A9DC1DE2F91F00536308 = {
			isa = PBXGroup;
			children = (
				4A53A9E71DE2F91F00536308 /* FullScreenHUD */,
				4A53A9E61DE2F91F00536308 /* Products */,
			);
			sourceTree = "<group>";
		};
		4A53A9E61DE2F91F00536308 /* Products */ = {
			isa = PBXGroup;
			children = (
				4A53A9E51DE2F91F00536308 /* FullScreenHUD.app */,
			);
			name = Products;
			sourceTree = "<group>";
		};
		4A53A9E71DE2F91F00536308 /* FullScreenHUD */ = {
			isa = PBXGroup;
			children = (
				4A53AA031DE2F94900536308 /* Masonry */,
				4A53A9FF1DE2F92D00536308 /* HUD */,
				4A53A9EB1DE2F91F00536308 /* AppDelegate.h */,
				4A53A9EC1DE2F91F00536308 /* AppDelegate.m */,
				4A53A9EE1DE2F91F00536308 /* ViewController.h */,
				4A53A9EF1DE2F91F00536308 /* ViewController.m */,
				4A53A9F11DE2F91F00536308 /* Main.storyboard */,
				4A53AA291DE2F97800536308 /* 1.png */,
				4A53AA2B1DE2F97D00536308 /* 2.png */,
				4A53AA2D1DE2F98100536308 /* 3.gif */,
				4A53A9F41DE2F91F00536308 /* Assets.xcassets */,
				4A53A9F61DE2F91F00536308 /* LaunchScreen.storyboard */,
				4A53A9F91DE2F91F00536308 /* Info.plist */,
				4A53A9E81DE2F91F00536308 /* Supporting Files */,
			);
			path = FullScreenHUD;
			sourceTree = "<group>";
		};
		4A53A9E81DE2F91F00536308 /* Supporting Files */ = {
			isa = PBXGroup;
			children = (
				4A53A9E91DE2F91F00536308 /* main.m */,
			);
			name = "Supporting Files";
			sourceTree = "<group>";
		};
		4A53A9FF1DE2F92D00536308 /* HUD */ = {
			isa = PBXGroup;
			children = (
				4A53AA001DE2F93500536308 /* HUDView.h */,
				4A53AA011DE2F93500536308 /* HUDView.m */,
			);
			name = HUD;
			sourceTree = "<group>";
		};
		4A53AA031DE2F94900536308 /* Masonry */ = {
			isa = PBXGroup;
			children = (
				4A53AA041DE2F94900536308 /* Info.plist */,
				4A53AA051DE2F94900536308 /* MASCompositeConstraint.h */,
				4A53AA061DE2F94900536308 /* MASCompositeConstraint.m */,
				4A53AA071DE2F94900536308 /* MASConstraint+Private.h */,
				4A53AA081DE2F94900536308 /* MASConstraint.h */,
				4A53AA091DE2F94900536308 /* MASConstraint.m */,
				4A53AA0A1DE2F94900536308 /* MASConstraintMaker.h */,
				4A53AA0B1DE2F94900536308 /* MASConstraintMaker.m */,
				4A53AA0C1DE2F94900536308 /* MASLayoutConstraint.h */,
				4A53AA0D1DE2F94900536308 /* MASLayoutConstraint.m */,
				4A53AA0E1DE2F94900536308 /* Masonry.h */,
				4A53AA0F1DE2F94900536308 /* MASUtilities.h */,
				4A53AA101DE2F94900536308 /* MASViewAttribute.h */,
				4A53AA111DE2F94900536308 /* MASViewAttribute.m */,
				4A53AA121DE2F94900536308 /* MASViewConstraint.h */,
				4A53AA131DE2F94900536308 /* MASViewConstraint.m */,
				4A53AA141DE2F94900536308 /* NSArray+MASAdditions.h */,
				4A53AA151DE2F94900536308 /* NSArray+MASAdditions.m */,
				4A53AA161DE2F94900536308 /* NSArray+MASShorthandAdditions.h */,
				4A53AA171DE2F94900536308 /* NSLayoutConstraint+MASDebugAdditions.h */,
				4A53AA181DE2F94900536308 /* NSLayoutConstraint+MASDebugAdditions.m */,
				4A53AA191DE2F94900536308 /* View+MASAdditions.h */,
				4A53AA1A1DE2F94900536308 /* View+MASAdditions.m */,
				4A53AA1B1DE2F94900536308 /* View+MASShorthandAdditions.h */,
				4A53AA1C1DE2F94900536308 /* ViewController+MASAdditions.h */,
				4A53AA1D1DE2F94900536308 /* ViewController+MASAdditions.m */,
			);
			path = Masonry;
			sourceTree = "<group>";
		};
/* End PBXGroup section */

/* Begin PBXNativeTarget section */
		4A53A9E41DE2F91F00536308 /* FullScreenHUD */ = {
			isa = PBXNativeTarget;
			buildConfigurationList = 4A53A9FC1DE2F91F00536308 /* Build configuration list for PBXNativeTarget "FullScreenHUD" */;
			buildPhases = (
				4A53A9E11DE2F91F00536308 /* Sources */,
				4A53A9E21DE2F91F00536308 /* Frameworks */,
				4A53A9E31DE2F91F00536308 /* Resources */,
			);
			buildRules = (
			);
			dependencies = (
			);
			name = FullScreenHUD;
			productName = FullScreenHUD;
			productReference = 4A53A9E51DE2F91F00536308 /* FullScreenHUD.app */;
			productType = "com.apple.product-type.application";
		};
/* End PBXNativeTarget section */

/* Begin PBXProject section */
		4A53A9DD1DE2F91F00536308 /* Project object */ = {
			isa = PBXProject;
			attributes = {
				LastUpgradeCheck = 0810;
				ORGANIZATIONNAME = "Just-h";
				TargetAttributes = {
					4A53A9E41DE2F91F00536308 = {
						CreatedOnToolsVersion = 8.1;
						DevelopmentTeam = U2R553VF9R;
						ProvisioningStyle = Automatic;
					};
				};
			};
			buildConfigurationList = 4A53A9E01DE2F91F00536308 /* Build configuration list for PBXProject "FullScreenHUD" */;
			compatibilityVersion = "Xcode 3.2";
			developmentRegion = English;
			hasScannedForEncodings = 0;
			knownRegions = (
				en,
				Base,
			);
			mainGroup = 4A53A9DC1DE2F91F00536308;
			productRefGroup = 4A53A9E61DE2F91F00536308 /* Products */;
			projectDirPath = "";
			projectRoot = "";
			targets = (
				4A53A9E41DE2F91F00536308 /* FullScreenHUD */,
			);
		};
/* End PBXProject section */

/* Begin PBXResourcesBuildPhase section */
		4A53A9E31DE2F91F00536308 /* Resources */ = {
			isa = PBXResourcesBuildPhase;
			buildActionMask = 2147483647;
			files = (
				4A53AA2C1DE2F97D00536308 /* 2.png in Resources */,
				4A53AA2E1DE2F98100536308 /* 3.gif in Resources */,
				4A53AA1E1DE2F94900536308 /* Info.plist in Resources */,
				4A53A9F81DE2F91F00536308 /* LaunchScreen.storyboard in Resources */,
				4A53A9F51DE2F91F00536308 /* Assets.xcassets in Resources */,
				4A53A9F31DE2F91F00536308 /* Main.storyboard in Resources */,
				4A53AA2A1DE2F97800536308 /* 1.png in Resources */,
			);
			runOnlyForDeploymentPostprocessing = 0;
		};
/* End PBXResourcesBuildPhase section */

/* Begin PBXSourcesBuildPhase section */
		4A53A9E11DE2F91F00536308 /* Sources */ = {
			isa = PBXSourcesBuildPhase;
			buildActionMask = 2147483647;
			files = (
				4A53AA211DE2F94900536308 /* MASConstraintMaker.m in Sources */,
				4A53AA021DE2F93500536308 /* HUDView.m in Sources */,
				4A53A9F01DE2F91F00536308 /* ViewController.m in Sources */,
				4A53AA201DE2F94900536308 /* MASConstraint.m in Sources */,
				4A53AA281DE2F94900536308 /* ViewController+MASAdditions.m in Sources */,
				4A53AA221DE2F94900536308 /* MASLayoutConstraint.m in Sources */,
				4A53AA251DE2F94900536308 /* NSArray+MASAdditions.m in Sources */,
				4A53AA241DE2F94900536308 /* MASViewConstraint.m in Sources */,
				4A53AA231DE2F94900536308 /* MASViewAttribute.m in Sources */,
				4A53AA271DE2F94900536308 /* View+MASAdditions.m in Sources */,
				4A53A9ED1DE2F91F00536308 /* AppDelegate.m in Sources */,
				4A53A9EA1DE2F91F00536308 /* main.m in Sources */,
				4A53AA1F1DE2F94900536308 /* MASCompositeConstraint.m in Sources */,
				4A53AA261DE2F94900536308 /* NSLayoutConstraint+MASDebugAdditions.m in Sources */,
			);
			runOnlyForDeploymentPostprocessing = 0;
		};
/* End PBXSourcesBuildPhase section */

/* Begin PBXVariantGroup section */
		4A53A9F11DE2F91F00536308 /* Main.storyboard */ = {
			isa = PBXVariantGroup;
			children = (
				4A53A9F21DE2F91F00536308 /* Base */,
			);
			name = Main.storyboard;
			sourceTree = "<group>";
		};
		4A53A9F61DE2F91F00536308 /* LaunchScreen.storyboard */ = {
			isa = PBXVariantGroup;
			children = (
				4A53A9F71DE2F91F00536308 /* Base */,
			);
			name = LaunchScreen.storyboard;
			sourceTree = "<group>";
		};
/* End PBXVariantGroup section */

/* Begin XCBuildConfiguration section */
		4A53A9FA1DE2F91F00536308 /* Debug */ = {
			isa = XCBuildConfiguration;
			buildSettings = {
				ALWAYS_SEARCH_USER_PATHS = NO;
				CLANG_ANALYZER_NONNULL = YES;
				CLANG_CXX_LANGUAGE_STANDARD = "gnu++0x";
				CLANG_CXX_LIBRARY = "libc++";
				CLANG_ENABLE_MODULES = YES;
				CLANG_ENABLE_OBJC_ARC = YES;
				CLANG_WARN_BOOL_CONVERSION = YES;
				CLANG_WARN_CONSTANT_CONVERSION = YES;
				CLANG_WARN_DIRECT_OBJC_ISA_USAGE = YES_ERROR;
				CLANG_WARN_DOCUMENTATION_COMMENTS = YES;
				CLANG_WARN_EMPTY_BODY = YES;
				CLANG_WARN_ENUM_CONVERSION = YES;
				CLANG_WARN_INFINITE_RECURSION = YES;
				CLANG_WARN_INT_CONVERSION = YES;
				CLANG_WARN_OBJC_ROOT_CLASS = YES_ERROR;
				CLANG_WARN_SUSPICIOUS_MOVES = YES;
				CLANG_WARN_UNREACHABLE_CODE = YES;
				CLANG_WARN__DUPLICATE_METHOD_MATCH = YES;
				"CODE_SIGN_IDENTITY[sdk=iphoneos*]" = "iPhone Developer";
				COPY_PHASE_STRIP = NO;
				DEBUG_INFORMATION_FORMAT = dwarf;
				ENABLE_STRICT_OBJC_MSGSEND = YES;
				ENABLE_TESTABILITY = YES;
				GCC_C_LANGUAGE_STANDARD = gnu99;
				GCC_DYNAMIC_NO_PIC = NO;
				GCC_NO_COMMON_BLOCKS = YES;
				GCC_OPTIMIZATION_LEVEL = 0;
				GCC_PREPROCESSOR_DEFINITIONS = (
					"DEBUG=1",
					"$(inherited)",
				);
				GCC_WARN_64_TO_32_BIT_CONVERSION = YES;
				GCC_WARN_ABOUT_RETURN_TYPE = YES_ERROR;
				GCC_WARN_UNDECLARED_SELECTOR = YES;
				GCC_WARN_UNINITIALIZED_AUTOS = YES_AGGRESSIVE;
				GCC_WARN_UNUSED_FUNCTION = YES;
				GCC_WARN_UNUSED_VARIABLE = YES;
				IPHONEOS_DEPLOYMENT_TARGET = 10.1;
				MTL_ENABLE_DEBUG_INFO = YES;
				ONLY_ACTIVE_ARCH = YES;
				SDKROOT = iphoneos;
			};
			name = Debug;
		};
		4A53A9FB1DE2F91F00536308 /* Release */ = {
			isa = XCBuildConfiguration;
			buildSettings = {
				ALWAYS_SEARCH_USER_PATHS = NO;
				CLANG_ANALYZER_NONNULL = YES;
				CLANG_CXX_LANGUAGE_STANDARD = "gnu++0x";
				CLANG_CXX_LIBRARY = "libc++";
				CLANG_ENABLE_MODULES = YES;
				CLANG_ENABLE_OBJC_ARC = YES;
				CLANG_WARN_BOOL_CONVERSION = YES;
				CLANG_WARN_CONSTANT_CONVERSION = YES;
				CLANG_WARN_DIRECT_OBJC_ISA_USAGE = YES_ERROR;
				CLANG_WARN_DOCUMENTATION_COMMENTS = YES;
				CLANG_WARN_EMPTY_BODY = YES;
				CLANG_WARN_ENUM_CONVERSION = YES;
				CLANG_WARN_INFINITE_RECURSION = YES;
				CLANG_WARN_INT_CONVERSION = YES;
				CLANG_WARN_OBJC_ROOT_CLASS = YES_ERROR;
				CLANG_WARN_SUSPICIOUS_MOVES = YES;
				CLANG_WARN_UNREACHABLE_CODE = YES;
				CLANG_WARN__DUPLICATE_METHOD_MATCH = YES;
				"CODE_SIGN_IDENTITY[sdk=iphoneos*]" = "iPhone Developer";
				COPY_PHASE_STRIP = NO;
				DEBUG_INFORMATION_FORMAT = "dwarf-with-dsym";
				ENABLE_NS_ASSERTIONS = NO;
				ENABLE_STRICT_OBJC_MSGSEND = YES;
				GCC_C_LANGUAGE_STANDARD = gnu99;
				GCC_NO_COMMON_BLOCKS = YES;
				GCC_WARN_64_TO_32_BIT_CONVERSION = YES;
				GCC_WARN_ABOUT_RETURN_TYPE = YES_ERROR;
				GCC_WARN_UNDECLARED_SELECTOR = YES;
				GCC_WARN_UNINITIALIZED_AUTOS = YES_AGGRESSIVE;
				GCC_WARN_UNUSED_FUNCTION = YES;
				GCC_WARN_UNUSED_VARIABLE = YES;
				IPHONEOS_DEPLOYMENT_TARGET = 10.1;
				MTL_ENABLE_DEBUG_INFO = NO;
				SDKROOT = iphoneos;
				VALIDATE_PRODUCT = YES;
			};
			name = Release;
		};
		4A53A9FD1DE2F91F00536308 /* Debug */ = {
			isa = XCBuildConfiguration;
			buildSettings = {
				ASSETCATALOG_COMPILER_APPICON_NAME = AppIcon;
				DEVELOPMENT_TEAM = U2R553VF9R;
				INFOPLIST_FILE = FullScreenHUD/Info.plist;
				LD_RUNPATH_SEARCH_PATHS = "$(inherited) @executable_path/Frameworks";
				PRODUCT_BUNDLE_IDENTIFIER = com.just.FullScreenHUD;
				PRODUCT_NAME = "$(TARGET_NAME)";
			};
			name = Debug;
		};
		4A53A9FE1DE2F91F00536308 /* Release */ = {
			isa = XCBuildConfiguration;
			buildSettings = {
				ASSETCATALOG_COMPILER_APPICON_NAME = AppIcon;
				DEVELOPMENT_TEAM = U2R553VF9R;
				INFOPLIST_FILE = FullScreenHUD/Info.plist;
				LD_RUNPATH_SEARCH_PATHS = "$(inherited) @executable_path/Frameworks";
				PRODUCT_BUNDLE_IDENTIFIER = com.just.FullScreenHUD;
				PRODUCT_NAME = "$(TARGET_NAME)";
			};
			name = Release;
		};
/* End XCBuildConfiguration section */

/* Begin XCConfigurationList section */
		4A53A9E01DE2F91F00536308 /* Build configuration list for PBXProject "FullScreenHUD" */ = {
			isa = XCConfigurationList;
			buildConfigurations = (
				4A53A9FA1DE2F91F00536308 /* Debug */,
				4A53A9FB1DE2F91F00536308 /* Release */,
			);
			defaultConfigurationIsVisible = 0;
			defaultConfigurationName = Release;
		};
		4A53A9FC1DE2F91F00536308 /* Build configuration list for PBXNativeTarget "FullScreenHUD" */ = {
			isa = XCConfigurationList;
			buildConfigurations = (
				4A53A9FD1DE2F91F00536308 /* Debug */,
				4A53A9FE1DE2F91F00536308 /* Release */,
			);
			defaultConfigurationIsVisible = 0;
		};
/* End XCConfigurationList section */
	};
	rootObject = 4A53A9DD1DE2F91F00536308 /* Project object */;
}
